
Microsoft Visual Studio Solution File, Format Version 12.00
# Visual Studio Version 16
VisualStudioVersion = 16.0.30717.126
MinimumVisualStudioVersion = 10.0.40219.1
Project("{FAE04EC0-301F-11D3-BF4B-00C04F79EFBC}") = "EDRoutePlanner", "EDRoutePlanner\EDRoutePlanner.csproj", "{8023D3B9-4F88-4343-ACE1-691ED60E52BA}"
EndProject
Global
	GlobalSection(SolutionConfigurationPlatforms) = preSolution
		Debug|Any CPU = Debug|Any CPU
		Release|Any CPU = Release|Any CPU
	EndGlobalSection
	GlobalSection(ProjectConfigurationPlatforms) = postSolution
		{8023D3B9-4F88-4343-ACE1-691ED60E52BA}.Debug|Any CPU.ActiveCfg = Debug|Any CPU
		{8023D3B9-4F88-4343-ACE1-691ED60E52BA}.Debug|Any CPU.Build.0 = Debug|Any CPU
		{8023D3B9-4F88-4343-ACE1-691ED60E52BA}.Release|Any CPU.ActiveCfg = Release|Any CPU
		{8023D3B9-4F88-4343-ACE1-691ED60E52BA}.Release|Any CPU.Build.0 = Release|Any CPU
	EndGlobalSection
	GlobalSection(SolutionProperties) = preSolution
		HideSolutionNode = FALSE
	EndGlobalSection
	GlobalSection(ExtensibilityGlobals) = postSolution
		SolutionGuid = {22DFC35C-56CE-4EFE-A1BF-3D39172C877B}
	EndGlobalSection
EndGlobal
